
Microsoft Visual Studio Solution File, Format Version 12.00
# Visual Studio Version 17
VisualStudioVersion = 17.5.33414.496
MinimumVisualStudioVersion = 10.0.40219.1
Project("{9A19103F-16F7-4668-BE54-9A1E7A4F7556}") = "Ganchev", "Ganchev\Ganchev.csproj", "{3F6953EB-F47B-4B2C-BF2E-69CE78B00E12}"
EndProject
Project("{FAE04EC0-301F-11D3-BF4B-00C04F79EFBC}") = "8. List of Predicates", "8. List of Predicates\8. List of Predicates.csproj", "{9326CD7A-306E-4836-984A-05A3A497CC4C}"
EndProject
Global
	GlobalSection(SolutionConfigurationPlatforms) = preSolution
		Debug|Any CPU = Debug|Any CPU
		Release|Any CPU = Release|Any CPU
	EndGlobalSection
	GlobalSection(ProjectConfigurationPlatforms) = postSolution
		{3F6953EB-F47B-4B2C-BF2E-69CE78B00E12}.Debug|Any CPU.ActiveCfg = Debug|Any CPU
		{3F6953EB-F47B-4B2C-BF2E-69CE78B00E12}.Debug|Any CPU.Build.0 = Debug|Any CPU
		{3F6953EB-F47B-4B2C-BF2E-69CE78B00E12}.Release|Any CPU.ActiveCfg = Release|Any CPU
		{3F6953EB-F47B-4B2C-BF2E-69CE78B00E12}.Release|Any CPU.Build.0 = Release|Any CPU
		{9326CD7A-306E-4836-984A-05A3A497CC4C}.Debug|Any CPU.ActiveCfg = Debug|Any CPU
		{9326CD7A-306E-4836-984A-05A3A497CC4C}.Debug|Any CPU.Build.0 = Debug|Any CPU
		{9326CD7A-306E-4836-984A-05A3A497CC4C}.Release|Any CPU.ActiveCfg = Release|Any CPU
		{9326CD7A-306E-4836-984A-05A3A497CC4C}.Release|Any CPU.Build.0 = Release|Any CPU
	EndGlobalSection
	GlobalSection(SolutionProperties) = preSolution
		HideSolutionNode = FALSE
	EndGlobalSection
	GlobalSection(ExtensibilityGlobals) = postSolution
		SolutionGuid = {C4DA8D3F-1B2A-4EB6-ABFE-5E03D5702BCF}
	EndGlobalSection
EndGlobal
